{
    "_meta": {
        "hash": {
            "sha256": "cad200ff2bba94e10c17b877f4e2d3c7fafd60537ee7682ecbda3dddcd67b332"
        },
        "pipfile-spec": 6,
        "requires": {
            "python_version": "3.6"
        },
        "sources": [
            {
                "name": "pypi",
                "url": "https://pypi.org/simple",
                "verify_ssl": true
            }
        ]
    },
    "default": {
        "atomicwrites": {
            "hashes": [
                "sha256:0312ad34fcad8fac3704d441f7b317e50af620823353ec657a53e981f92920c0",
                "sha256:ec9ae8adaae229e4f8446952d204a3e4b5fdd2d099f9be3aaf556120135fb3ee"
            ],
            "index": "pypi",
            "version": "==1.2.1"
        },
        "attrs": {
            "hashes": [
                "sha256:10cbf6e27dbce8c30807caf056c8eb50917e0eaafe86347671b57254006c3e69",
                "sha256:ca4be454458f9dec299268d472aaa5a11f67a4ff70093396e1ceae9c76cf4bbb"
            ],
            "index": "pypi",
            "version": "==18.2.0"
        },
        "bottle": {
            "hashes": [
                "sha256:39b751aee0b167be8dffb63ca81b735bbf1dd0905b3bc42761efedee8f123355"
            ],
            "index": "pypi",
            "version": "==0.12.13"
        },
        "bottle-websocket": {
            "hashes": [
                "sha256:9887f70dc0c7592ed8d0d11a14aa95dede6cd08d50d83d5b81fd963e5fec738b"
            ],
            "index": "pypi",
            "version": "==0.2.9"
        },
        "certifi": {
            "hashes": [
                "sha256:339dc09518b07e2fa7eda5450740925974815557727d6bd35d319c1524a04a4c",
                "sha256:6d58c986d22b038c8c0df30d639f23a3e6d172a05c3583e766f4c0b785c0986a"
            ],
            "index": "pypi",
            "version": "==2018.10.15"
        },
        "chardet": {
            "hashes": [
                "sha256:84ab92ed1c4d4f16916e05906b6b75a6c0fb5db821cc65e70cbd64a3e2a5eaae",
                "sha256:fc323ffcaeaed0e0a02bf4d117757b98aed530d9ed4531e3e15460124c106691"
            ],
            "index": "pypi",
            "version": "==3.0.4"
        },
        "eel": {
            "editable": true,
            "git": "https://github.com/brumar/Eel.git",
            "ref": "99e1d0f241e103ed87c75bc7076fe852fca6a7cd"
        },
        "future": {
            "hashes": [
                "sha256:67045236dcfd6816dc439556d009594abf643e5eb48992e36beac09c2ca659b8"
            ],
            "index": "pypi",
            "version": "==0.17.1"
        },
        "gevent": {
            "hashes": [
                "sha256:0901975628790e8a57fc92bb7062e5b856edea48c8de9caf36cfda14eae07329",
                "sha256:1af93825db5753550fa8ff5ab2f2132e8733170b3f8d38347b34fa4a984cb624",
                "sha256:2ff045a91509c35664c27a849c8cbf742a227f587b7cdbc88301e9c85dcaedff",
                "sha256:33fa6759eabc9176ddbe0d29b66867a82e19a61f06eb7cfabbac35343c0ecf24",
                "sha256:35790f1a3c8e431ada3471b70bb2105050009ea4beb15cbe41b86bc716a7ffa9",
                "sha256:4791c8ae9c57d6f153354736e1ccab1e2baf6c8d9ae5a77a9ac90f41e2966b2d",
                "sha256:4f098002126ebef7f2907188b6c8b09e5193161ce968847d9e6a8bc832b0db9a",
                "sha256:552719cec4721673b8c7d2f9de666e3f7591b9b182f801ecaef1c76e638052aa",
                "sha256:59e9237af027f8db85e5d78a9da2e328ae96f01d67a0d62abcecad3db7876908",
                "sha256:60109741377367eef8ded9283a1bf629621b73acaf3e1e8aac9d1a0f50fa0f05",
                "sha256:6892fabc9051e8c0a171d543b6536859aabeb6d169db79b2f45d64dc2a15808c",
                "sha256:70558dd45c7a1f8046ba45792e489dd0f409bd8a3b7a0635ca9d3055223b3dff",
                "sha256:74bce0c30bb2240e3d5d515ba8cb3eadf840c2bde7109a1979c7a26c9d0f5a6a",
                "sha256:7f93b67b680f4a921f517294048d05f8f6f0ed5962b78d6685a6cf0fcd7d8202",
                "sha256:81cb24e0f7bd9888596364e8d8ed0d65c2547c84884c67bb46d956faeed67396",
                "sha256:833bebdc36bfeeedefc200ca9aee9b8eddd80f56b63ca1e886e18b97b1240edd",
                "sha256:8a710eddb3e9e5f22bdbd458b5f211b94f59409ecd6896f15b9fee2cba266a59",
                "sha256:9b492bb1a043540abb6e54fdb5537531e24962ca49c09f3b47dc4f9c37f6297c",
                "sha256:a0ed8ba787b9c0c1c565c2675d71652e6c1e2d4e91f53530860d0303e867fe85",
                "sha256:a16db4f56699ef07f0249b953ff949aae641e50b2bdc4710f11c0d8d9089b296",
                "sha256:a66cf99f08da65c501826a19e30f5a6e7ba942fdd79baba5ce2d51eebaa13444",
                "sha256:b67a10799923f9fed546ca5f8b93a2819c71a60132d7a97b4a13fbdab66b278a",
                "sha256:b7e0e6400c2f3ce78a9ae1cdd55b53166feedd003d60c033863881227129a4d3",
                "sha256:c35b29de49211014ec66d056fd4f9ba7a04795e2a654697f72879c0cf365d6d4",
                "sha256:c9dd6534c46ed782e2d7236767cd07115cb29ce8670c2fc0794f264de9024fe0",
                "sha256:de13a8e378103af84a8bf6015ad1d2761d46f29b8393e8dd6d9bb7cb51bbb713",
                "sha256:deafd70d04ab62428d4e291e8e2c0fb22f38690e6a9f23a67ee6c304087634da",
                "sha256:df52e06a2754c2d905aad75a7dc06a732c804d9edbc87f06f47c8f483ba98bca",
                "sha256:fce894a64db3911897cdad6c37fbb23dfb18b7bf8b9cb8c00a8ea0a7253651c9"
            ],
            "index": "pypi",
            "version": "==1.2.2"
        },
        "gevent-websocket": {
            "hashes": [
                "sha256:17b67d91282f8f4c973eba0551183fc84f56f1c90c8f6b6b30256f31f66f5242",
                "sha256:7eaef32968290c9121f7c35b973e2cc302ffb076d018c9068d2f5ca8b2d85fb0"
            ],
            "index": "pypi",
            "version": "==0.10.1"
        },
        "greenlet": {
            "hashes": [
                "sha256:000546ad01e6389e98626c1367be58efa613fa82a1be98b0c6fc24b563acc6d0",
                "sha256:0d48200bc50cbf498716712129eef819b1729339e34c3ae71656964dac907c28",
                "sha256:23d12eacffa9d0f290c0fe0c4e81ba6d5f3a5b7ac3c30a5eaf0126bf4deda5c8",
                "sha256:37c9ba82bd82eb6a23c2e5acc03055c0e45697253b2393c9a50cef76a3985304",
                "sha256:51503524dd6f152ab4ad1fbd168fc6c30b5795e8c70be4410a64940b3abb55c0",
                "sha256:8041e2de00e745c0e05a502d6e6db310db7faa7c979b3a5877123548a4c0b214",
                "sha256:81fcd96a275209ef117e9ec91f75c731fa18dcfd9ffaa1c0adbdaa3616a86043",
                "sha256:853da4f9563d982e4121fed8c92eea1a4594a2299037b3034c3c898cb8e933d6",
                "sha256:8b4572c334593d449113f9dc8d19b93b7b271bdbe90ba7509eb178923327b625",
                "sha256:9416443e219356e3c31f1f918a91badf2e37acf297e2fa13d24d1cc2380f8fbc",
                "sha256:9854f612e1b59ec66804931df5add3b2d5ef0067748ea29dc60f0efdcda9a638",
                "sha256:99a26afdb82ea83a265137a398f570402aa1f2b5dfb4ac3300c026931817b163",
                "sha256:a19bf883b3384957e4a4a13e6bd1ae3d85ae87f4beb5957e35b0be287f12f4e4",
                "sha256:a9f145660588187ff835c55a7d2ddf6abfc570c2651c276d3d4be8a2766db490",
                "sha256:ac57fcdcfb0b73bb3203b58a14501abb7e5ff9ea5e2edfa06bb03035f0cff248",
                "sha256:bcb530089ff24f6458a81ac3fa699e8c00194208a724b644ecc68422e1111939",
                "sha256:beeabe25c3b704f7d56b573f7d2ff88fc99f0138e43480cecdfcaa3b87fe4f87",
                "sha256:d634a7ea1fc3380ff96f9e44d8d22f38418c1c381d5fac680b272d7d90883720",
                "sha256:d97b0661e1aead761f0ded3b769044bb00ed5d33e1ec865e891a8b128bf7c656"
            ],
            "index": "pypi",
            "version": "==0.4.15"
        },
        "idna": {
            "hashes": [
                "sha256:156a6814fb5ac1fc6850fb002e0852d56c0c8d2531923a51032d1b70760e186e",
                "sha256:684a38a6f903c1d71d6d5fac066b58d7768af4de2b832e426ec79c30daa94a16"
            ],
            "index": "pypi",
            "version": "==2.7"
        },
        "more-itertools": {
            "hashes": [
                "sha256:c187a73da93e7a8acc0001572aebc7e3c69daf7bf6881a2cea10650bd4420092",
                "sha256:c476b5d3a34e12d40130bc2f935028b5f636df8f372dc2c1c01dc19681b2039e",
                "sha256:fcbfeaea0be121980e15bc97b3817b5202ca73d0eae185b4550cbfce2a3ebb3d"
            ],
            "index": "pypi",
            "version": "==4.3.0"
        },
        "mypy": {
            "hashes": [
                "sha256:8e071ec32cc226e948a34bbb3d196eb0fd96f3ac69b6843a5aff9bd4efa14455",
                "sha256:fb90c804b84cfd8133d3ddfbd630252694d11ccc1eb0166a1b2efb5da37ecab2"
            ],
            "index": "pypi",
            "version": "==0.641"
        },
        "mypy-extensions": {
            "hashes": [
                "sha256:37e0e956f41369209a3d5f34580150bcacfabaa57b33a15c0b25f4b5725e0812",
                "sha256:b16cabe759f55e3409a7d231ebd2841378fb0c27a5d1994719e340e4f429ac3e"
            ],
            "index": "pypi",
            "version": "==0.4.1"
        },
        "pluggy": {
            "hashes": [
                "sha256:447ba94990e8014ee25ec853339faf7b0fc8050cdc3289d4d71f7f410fb90095",
                "sha256:bde19360a8ec4dfd8a20dcb811780a30998101f078fc7ded6162f0076f50508f"
            ],
            "index": "pypi",
            "version": "==0.8.0"
        },
        "py": {
            "hashes": [
                "sha256:bf92637198836372b520efcba9e020c330123be8ce527e535d185ed4b6f45694",
                "sha256:e76826342cefe3c3d5f7e8ee4316b80d1dd8a300781612ddbc765c17ba25a6c6"
            ],
            "index": "pypi",
            "version": "==1.7.0"
        },
        "requests": {
            "hashes": [
                "sha256:65b3a120e4329e33c9889db89c80976c5272f56ea92d3e74da8a463992e3ff54",
                "sha256:ea881206e59f41dbd0bd445437d792e43906703fff75ca8ff43ccdb11f33f263"
            ],
            "index": "pypi",
            "version": "==2.20.1"
        },
        "six": {
            "hashes": [
                "sha256:70e8a77beed4562e7f14fe23a786b54f6296e34344c23bc42f07b15018ff98e9",
                "sha256:832dc0e10feb1aa2c68dcc57dbb658f1c7e65b9b61af69048abc87a2db00a0eb"
            ],
            "index": "pypi",
            "version": "==1.11.0"
        },
        "transcrypt": {
            "hashes": [
                "sha256:4f6504651043dd3021b927059441952577dc17edd7bf1c32b75be8830da08ef0"
            ],
            "index": "pypi",
            "version": "==3.7.11"
        },
        "typed-ast": {
            "hashes": [
                "sha256:0948004fa228ae071054f5208840a1e88747a357ec1101c17217bfe99b299d58",
                "sha256:10703d3cec8dcd9eef5a630a04056bbc898abc19bac5691612acba7d1325b66d",
                "sha256:1f6c4bd0bdc0f14246fd41262df7dfc018d65bb05f6e16390b7ea26ca454a291",
                "sha256:25d8feefe27eb0303b73545416b13d108c6067b846b543738a25ff304824ed9a",
                "sha256:29464a177d56e4e055b5f7b629935af7f49c196be47528cc94e0a7bf83fbc2b9",
                "sha256:2e214b72168ea0275efd6c884b114ab42e316de3ffa125b267e732ed2abda892",
                "sha256:3e0d5e48e3a23e9a4d1a9f698e32a542a4a288c871d33ed8df1b092a40f3a0f9",
                "sha256:519425deca5c2b2bdac49f77b2c5625781abbaf9a809d727d3a5596b30bb4ded",
                "sha256:57fe287f0cdd9ceaf69e7b71a2e94a24b5d268b35df251a88fef5cc241bf73aa",
                "sha256:668d0cec391d9aed1c6a388b0d5b97cd22e6073eaa5fbaa6d2946603b4871efe",
                "sha256:68ba70684990f59497680ff90d18e756a47bf4863c604098f10de9716b2c0bdd",
                "sha256:6de012d2b166fe7a4cdf505eee3aaa12192f7ba365beeefaca4ec10e31241a85",
                "sha256:79b91ebe5a28d349b6d0d323023350133e927b4de5b651a8aa2db69c761420c6",
                "sha256:8550177fa5d4c1f09b5e5f524411c44633c80ec69b24e0e98906dd761941ca46",
                "sha256:898f818399cafcdb93cbbe15fc83a33d05f18e29fb498ddc09b0214cdfc7cd51",
                "sha256:94b091dc0f19291adcb279a108f5d38de2430411068b219f41b343c03b28fb1f",
                "sha256:a26863198902cda15ab4503991e8cf1ca874219e0118cbf07c126bce7c4db129",
                "sha256:a8034021801bc0440f2e027c354b4eafd95891b573e12ff0418dec385c76785c",
                "sha256:bc978ac17468fe868ee589c795d06777f75496b1ed576d308002c8a5756fb9ea",
                "sha256:c05b41bc1deade9f90ddc5d988fe506208019ebba9f2578c622516fd201f5863",
                "sha256:c9b060bd1e5a26ab6e8267fd46fc9e02b54eb15fffb16d112d4c7b1c12987559",
                "sha256:edb04bdd45bfd76c8292c4d9654568efaedf76fe78eb246dde69bdb13b2dad87",
                "sha256:f19f2a4f547505fe9072e15f6f4ae714af51b5a681a97f187971f50c283193b6"
            ],
            "index": "pypi",
            "version": "==1.1.0"
        },
        "urllib3": {
            "hashes": [
                "sha256:61bf29cada3fc2fbefad4fdf059ea4bd1b4a86d2b6d15e1c7c0b582b9752fe39",
                "sha256:de9529817c93f27c8ccbfead6985011db27bd0ddfcdb2d86f3f663385c6a9c22"
            ],
            "index": "pypi",
            "version": "==1.24.1"
        },
        "whichcraft": {
            "hashes": [
                "sha256:7533870f751901a0ce43c93cc9850186e9eba7fe58c924dfb435968ba9c9fa4e",
                "sha256:fecddd531f237ffc5db8b215409afb18fa30300699064cca4817521b4fc81815"
            ],
            "index": "pypi",
            "version": "==0.5.2"
        }
    },
    "develop": {}
}
